
Microsoft Visual Studio Solution File, Format Version 12.00
# Visual Studio Version 17
VisualStudioVersion = 17.5.33627.172
MinimumVisualStudioVersion = 10.0.40219.1
Project("{9A19103F-16F7-4668-BE54-9A1E7A4F7556}") = "PropertyManagementSystem", "PropertyManagementSystem\PropertyManagementSystem.csproj", "{9FBF27E4-2FF1-4A64-BC7A-90F21F11669F}"
EndProject
Project("{FAE04EC0-301F-11D3-BF4B-00C04F79EFBC}") = "PropertyManagementSystem.Tests", "PropertyManagementSystem.Tests\PropertyManagementSystem.Tests.csproj", "{9721DBEF-9DB6-4D57-85B6-24F130246F3F}"
EndProject
Global
	GlobalSection(SolutionConfigurationPlatforms) = preSolution
		Debug|Any CPU = Debug|Any CPU
		Release|Any CPU = Release|Any CPU
	EndGlobalSection
	GlobalSection(ProjectConfigurationPlatforms) = postSolution
		{9FBF27E4-2FF1-4A64-BC7A-90F21F11669F}.Debug|Any CPU.ActiveCfg = Debug|Any CPU
		{9FBF27E4-2FF1-4A64-BC7A-90F21F11669F}.Debug|Any CPU.Build.0 = Debug|Any CPU
		{9FBF27E4-2FF1-4A64-BC7A-90F21F11669F}.Release|Any CPU.ActiveCfg = Release|Any CPU
		{9FBF27E4-2FF1-4A64-BC7A-90F21F11669F}.Release|Any CPU.Build.0 = Release|Any CPU
		{9721DBEF-9DB6-4D57-85B6-24F130246F3F}.Debug|Any CPU.ActiveCfg = Debug|Any CPU
		{9721DBEF-9DB6-4D57-85B6-24F130246F3F}.Debug|Any CPU.Build.0 = Debug|Any CPU
		{9721DBEF-9DB6-4D57-85B6-24F130246F3F}.Release|Any CPU.ActiveCfg = Release|Any CPU
		{9721DBEF-9DB6-4D57-85B6-24F130246F3F}.Release|Any CPU.Build.0 = Release|Any CPU
	EndGlobalSection
	GlobalSection(SolutionProperties) = preSolution
		HideSolutionNode = FALSE
	EndGlobalSection
	GlobalSection(ExtensibilityGlobals) = postSolution
		SolutionGuid = {6FCFB070-DC30-4D91-BE69-35D0BA5CBD6C}
	EndGlobalSection
EndGlobal
